
Microsoft Visual Studio Solution File, Format Version 12.00
# Visual Studio Version 17
VisualStudioVersion = 17.0.31903.59
MinimumVisualStudioVersion = 10.0.40219.1
Project("{2150E333-8FDC-42A3-9474-1A3956D46DE8}") = "src", "src", "{827E0CD3-B72D-47B6-A68D-7590B98EB39B}"
EndProject
Project("{FAE04EC0-301F-11D3-BF4B-00C04F79EFBC}") = "AiLibrarian.Domain", "src\AiLibrarian.Domain\AiLibrarian.Domain.csproj", "{AB257233-18E0-4F4B-8948-3D2E3BCD9B93}"
EndProject
Project("{FAE04EC0-301F-11D3-BF4B-00C04F79EFBC}") = "AiLibrarian.Auditing", "src\AiLibrarian.Auditing\AiLibrarian.Auditing.csproj", "{1B2DAAFF-C76B-475A-8720-1EB65F95B7ED}"
EndProject
Project("{FAE04EC0-301F-11D3-BF4B-00C04F79EFBC}") = "AiLibrarian.Infrastructure", "src\AiLibrarian.Infrastructure\AiLibrarian.Infrastructure.csproj", "{084C62B7-B9E8-4A53-9E9E-9FF20C311E63}"
EndProject
Project("{FAE04EC0-301F-11D3-BF4B-00C04F79EFBC}") = "AiLibrarian.LlmGateway.Abstractions", "src\AiLibrarian.LlmGateway.Abstractions\AiLibrarian.LlmGateway.Abstractions.csproj", "{9D67D195-73A4-4215-BA2E-915884AB9334}"
EndProject
Project("{FAE04EC0-301F-11D3-BF4B-00C04F79EFBC}") = "AiLibrarian.LlmGateway", "src\AiLibrarian.LlmGateway\AiLibrarian.LlmGateway.csproj", "{5182EFDF-9C13-4161-BA91-6376C9A6F764}"
EndProject
Project("{FAE04EC0-301F-11D3-BF4B-00C04F79EFBC}") = "AiLibrarian.Api", "src\AiLibrarian.Api\AiLibrarian.Api.csproj", "{79C7E99B-70EE-4429-92F1-14228B3F4443}"
EndProject
Project("{FAE04EC0-301F-11D3-BF4B-00C04F79EFBC}") = "AiLibrarian.Domain.Tests", "tests\AiLibrarian.Domain.Tests\AiLibrarian.Domain.Tests.csproj", "{C9B5E645-2279-42FB-89CD-777BF5FDD42F}"
EndProject
Project("{FAE04EC0-301F-11D3-BF4B-00C04F79EFBC}") = "AiLibrarian.LlmGateway.Tests", "tests\AiLibrarian.LlmGateway.Tests\AiLibrarian.LlmGateway.Tests.csproj", "{2D524E9D-E021-4B42-9510-B4972D8DC071}"
EndProject
Project("{FAE04EC0-301F-11D3-BF4B-00C04F79EFBC}") = "AiLibrarian.Infrastructure.Tests", "tests\AiLibrarian.Infrastructure.Tests\AiLibrarian.Infrastructure.Tests.csproj", "{1C0AD12C-8573-4AEA-BBD7-07D18710BE12}"
EndProject
Project("{FAE04EC0-301F-11D3-BF4B-00C04F79EFBC}") = "AiLibrarian.Api.Tests", "tests\AiLibrarian.Api.Tests\AiLibrarian.Api.Tests.csproj", "{4F487B80-D3DA-427F-93F0-BF8B0E9FB33C}"
EndProject
Project("{FAE04EC0-301F-11D3-BF4B-00C04F79EFBC}") = "AiLibrarian.Mcp", "src\AiLibrarian.Mcp\AiLibrarian.Mcp.csproj", "{5FA199F9-1207-4C31-ACB3-892300A7884D}"
EndProject
Project("{FAE04EC0-301F-11D3-BF4B-00C04F79EFBC}") = "AiLibrarian.Cli", "src\AiLibrarian.Cli\AiLibrarian.Cli.csproj", "{9138C73D-7467-4B8D-8EFB-4697B29D6AEB}"
EndProject
Project("{FAE04EC0-301F-11D3-BF4B-00C04F79EFBC}") = "AiLibrarian.Skills.Markdown", "src\AiLibrarian.Skills.Markdown\AiLibrarian.Skills.Markdown.csproj", "{51CADB6C-FF53-4CFA-A03F-02E0D5F0E751}"
EndProject
Project("{2150E333-8FDC-42A3-9474-1A3956D46DE8}") = "tests", "tests", "{0AB3BF05-4346-4AA6-1389-037BE0695223}"
EndProject
Project("{FAE04EC0-301F-11D3-BF4B-00C04F79EFBC}") = "AiLibrarian.Skills.Markdown.Tests", "tests\AiLibrarian.Skills.Markdown.Tests\AiLibrarian.Skills.Markdown.Tests.csproj", "{E855EFBA-0A19-414C-817B-7DED9BDCC4BD}"
EndProject
Project("{FAE04EC0-301F-11D3-BF4B-00C04F79EFBC}") = "AiLibrarian.IngestWorker", "src\AiLibrarian.IngestWorker\AiLibrarian.IngestWorker.csproj", "{81A6DC8B-0716-4C4F-A31F-551FB7602620}"
EndProject
Project("{FAE04EC0-301F-11D3-BF4B-00C04F79EFBC}") = "AiLibrarian.IngestWorker.Tests", "tests\AiLibrarian.IngestWorker.Tests\AiLibrarian.IngestWorker.Tests.csproj", "{4D3C217A-A0A1-42CD-AE85-188790BC1D3A}"
EndProject
Project("{FAE04EC0-301F-11D3-BF4B-00C04F79EFBC}") = "AiLibrarian.Portal", "src\AiLibrarian.Portal\AiLibrarian.Portal.csproj", "{7A05F287-8461-4230-92E9-3F000B5B0F0E}"
EndProject
Project("{FAE04EC0-301F-11D3-BF4B-00C04F79EFBC}") = "AiLibrarian.Eval", "tests\AiLibrarian.Eval\AiLibrarian.Eval.csproj", "{C14B57E6-0CBA-4573-A16D-1FEBE92B617D}"
EndProject
Project("{FAE04EC0-301F-11D3-BF4B-00C04F79EFBC}") = "AiLibrarian.Skills.Office", "src\AiLibrarian.Skills.Office\AiLibrarian.Skills.Office.csproj", "{B4263B71-1372-430B-B437-303B4BE6376E}"
EndProject
Project("{FAE04EC0-301F-11D3-BF4B-00C04F79EFBC}") = "AiLibrarian.Skills.Office.Tests", "tests\AiLibrarian.Skills.Office.Tests\AiLibrarian.Skills.Office.Tests.csproj", "{ED0B2A3B-4C8A-4959-84B6-53F43FE99A29}"
EndProject
Project("{FAE04EC0-301F-11D3-BF4B-00C04F79EFBC}") = "AiLibrarian.Mcp.Tests", "tests\AiLibrarian.Mcp.Tests\AiLibrarian.Mcp.Tests.csproj", "{8E2A94FA-C13A-4578-B446-4F06F6CDAD8F}"
EndProject
Project("{FAE04EC0-301F-11D3-BF4B-00C04F79EFBC}") = "AiLibrarian.Quality", "src\AiLibrarian.Quality\AiLibrarian.Quality.csproj", "{77E0B7A1-CE4C-46CB-9142-5F5E64B081EC}"
EndProject
Project("{FAE04EC0-301F-11D3-BF4B-00C04F79EFBC}") = "AiLibrarian.Quality.Tests", "tests\AiLibrarian.Quality.Tests\AiLibrarian.Quality.Tests.csproj", "{939F7ED9-46CA-4297-8E0B-E00484F795E1}"
EndProject
Project("{FAE04EC0-301F-11D3-BF4B-00C04F79EFBC}") = "AiLibrarian.Skills.Pdf", "src\AiLibrarian.Skills.Pdf\AiLibrarian.Skills.Pdf.csproj", "{CF43B1EC-9736-441E-898D-F41520A4D78A}"
EndProject
Project("{FAE04EC0-301F-11D3-BF4B-00C04F79EFBC}") = "AiLibrarian.Skills.Pdf.Tests", "tests\AiLibrarian.Skills.Pdf.Tests\AiLibrarian.Skills.Pdf.Tests.csproj", "{F4349FFD-E83C-4C41-8787-B390FAC12587}"
EndProject
Project("{FAE04EC0-301F-11D3-BF4B-00C04F79EFBC}") = "AiLibrarian.Security", "src\AiLibrarian.Security\AiLibrarian.Security.csproj", "{4C695FD6-162E-4CF0-87B3-8C9367B0B246}"
EndProject
Project("{FAE04EC0-301F-11D3-BF4B-00C04F79EFBC}") = "AiLibrarian.Portal.Tests", "tests\AiLibrarian.Portal.Tests\AiLibrarian.Portal.Tests.csproj", "{715A5C4D-CEA6-43D0-B96C-5263CCE1C135}"
EndProject
Project("{FAE04EC0-301F-11D3-BF4B-00C04F79EFBC}") = "AiLibrarian.WikiMaintainer", "src\AiLibrarian.WikiMaintainer\AiLibrarian.WikiMaintainer.csproj", "{53E8BDCE-492D-45BA-B702-3A00D3D77A23}"
EndProject
Project("{FAE04EC0-301F-11D3-BF4B-00C04F79EFBC}") = "AiLibrarian.WikiMaintainer.Tests", "tests\AiLibrarian.WikiMaintainer.Tests\AiLibrarian.WikiMaintainer.Tests.csproj", "{50E84A20-57B6-42CA-9FE2-EEA2091455AA}"
EndProject
Global
	GlobalSection(SolutionConfigurationPlatforms) = preSolution
		Debug|Any CPU = Debug|Any CPU
		Debug|x64 = Debug|x64
		Debug|x86 = Debug|x86
		Release|Any CPU = Release|Any CPU
		Release|x64 = Release|x64
		Release|x86 = Release|x86
	EndGlobalSection
	GlobalSection(ProjectConfigurationPlatforms) = postSolution
		{AB257233-18E0-4F4B-8948-3D2E3BCD9B93}.Debug|Any CPU.ActiveCfg = Debug|Any CPU
		{AB257233-18E0-4F4B-8948-3D2E3BCD9B93}.Debug|Any CPU.Build.0 = Debug|Any CPU
		{AB257233-18E0-4F4B-8948-3D2E3BCD9B93}.Debug|x64.ActiveCfg = Debug|Any CPU
		{AB257233-18E0-4F4B-8948-3D2E3BCD9B93}.Debug|x64.Build.0 = Debug|Any CPU
		{AB257233-18E0-4F4B-8948-3D2E3BCD9B93}.Debug|x86.ActiveCfg = Debug|Any CPU
		{AB257233-18E0-4F4B-8948-3D2E3BCD9B93}.Debug|x86.Build.0 = Debug|Any CPU
		{AB257233-18E0-4F4B-8948-3D2E3BCD9B93}.Release|Any CPU.ActiveCfg = Release|Any CPU
		{AB257233-18E0-4F4B-8948-3D2E3BCD9B93}.Release|Any CPU.Build.0 = Release|Any CPU
		{AB257233-18E0-4F4B-8948-3D2E3BCD9B93}.Release|x64.ActiveCfg = Release|Any CPU
		{AB257233-18E0-4F4B-8948-3D2E3BCD9B93}.Release|x64.Build.0 = Release|Any CPU
		{AB257233-18E0-4F4B-8948-3D2E3BCD9B93}.Release|x86.ActiveCfg = Release|Any CPU
		{AB257233-18E0-4F4B-8948-3D2E3BCD9B93}.Release|x86.Build.0 = Release|Any CPU
		{1B2DAAFF-C76B-475A-8720-1EB65F95B7ED}.Debug|Any CPU.ActiveCfg = Debug|Any CPU
		{1B2DAAFF-C76B-475A-8720-1EB65F95B7ED}.Debug|Any CPU.Build.0 = Debug|Any CPU
		{1B2DAAFF-C76B-475A-8720-1EB65F95B7ED}.Debug|x64.ActiveCfg = Debug|Any CPU
		{1B2DAAFF-C76B-475A-8720-1EB65F95B7ED}.Debug|x64.Build.0 = Debug|Any CPU
		{1B2DAAFF-C76B-475A-8720-1EB65F95B7ED}.Debug|x86.ActiveCfg = Debug|Any CPU
		{1B2DAAFF-C76B-475A-8720-1EB65F95B7ED}.Debug|x86.Build.0 = Debug|Any CPU
		{1B2DAAFF-C76B-475A-8720-1EB65F95B7ED}.Release|Any CPU.ActiveCfg = Release|Any CPU
		{1B2DAAFF-C76B-475A-8720-1EB65F95B7ED}.Release|Any CPU.Build.0 = Release|Any CPU
		{1B2DAAFF-C76B-475A-8720-1EB65F95B7ED}.Release|x64.ActiveCfg = Release|Any CPU
		{1B2DAAFF-C76B-475A-8720-1EB65F95B7ED}.Release|x64.Build.0 = Release|Any CPU
		{1B2DAAFF-C76B-475A-8720-1EB65F95B7ED}.Release|x86.ActiveCfg = Release|Any CPU
		{1B2DAAFF-C76B-475A-8720-1EB65F95B7ED}.Release|x86.Build.0 = Release|Any CPU
		{084C62B7-B9E8-4A53-9E9E-9FF20C311E63}.Debug|Any CPU.ActiveCfg = Debug|Any CPU
		{084C62B7-B9E8-4A53-9E9E-9FF20C311E63}.Debug|Any CPU.Build.0 = Debug|Any CPU
		{084C62B7-B9E8-4A53-9E9E-9FF20C311E63}.Debug|x64.ActiveCfg = Debug|Any CPU
		{084C62B7-B9E8-4A53-9E9E-9FF20C311E63}.Debug|x64.Build.0 = Debug|Any CPU
		{084C62B7-B9E8-4A53-9E9E-9FF20C311E63}.Debug|x86.ActiveCfg = Debug|Any CPU
		{084C62B7-B9E8-4A53-9E9E-9FF20C311E63}.Debug|x86.Build.0 = Debug|Any CPU
		{084C62B7-B9E8-4A53-9E9E-9FF20C311E63}.Release|Any CPU.ActiveCfg = Release|Any CPU
		{084C62B7-B9E8-4A53-9E9E-9FF20C311E63}.Release|Any CPU.Build.0 = Release|Any CPU
		{084C62B7-B9E8-4A53-9E9E-9FF20C311E63}.Release|x64.ActiveCfg = Release|Any CPU
		{084C62B7-B9E8-4A53-9E9E-9FF20C311E63}.Release|x64.Build.0 = Release|Any CPU
		{084C62B7-B9E8-4A53-9E9E-9FF20C311E63}.Release|x86.ActiveCfg = Release|Any CPU
		{084C62B7-B9E8-4A53-9E9E-9FF20C311E63}.Release|x86.Build.0 = Release|Any CPU
		{9D67D195-73A4-4215-BA2E-915884AB9334}.Debug|Any CPU.ActiveCfg = Debug|Any CPU
		{9D67D195-73A4-4215-BA2E-915884AB9334}.Debug|Any CPU.Build.0 = Debug|Any CPU
		{9D67D195-73A4-4215-BA2E-915884AB9334}.Debug|x64.ActiveCfg = Debug|Any CPU
		{9D67D195-73A4-4215-BA2E-915884AB9334}.Debug|x64.Build.0 = Debug|Any CPU
		{9D67D195-73A4-4215-BA2E-915884AB9334}.Debug|x86.ActiveCfg = Debug|Any CPU
		{9D67D195-73A4-4215-BA2E-915884AB9334}.Debug|x86.Build.0 = Debug|Any CPU
		{9D67D195-73A4-4215-BA2E-915884AB9334}.Release|Any CPU.ActiveCfg = Release|Any CPU
		{9D67D195-73A4-4215-BA2E-915884AB9334}.Release|Any CPU.Build.0 = Release|Any CPU
		{9D67D195-73A4-4215-BA2E-915884AB9334}.Release|x64.ActiveCfg = Release|Any CPU
		{9D67D195-73A4-4215-BA2E-915884AB9334}.Release|x64.Build.0 = Release|Any CPU
		{9D67D195-73A4-4215-BA2E-915884AB9334}.Release|x86.ActiveCfg = Release|Any CPU
		{9D67D195-73A4-4215-BA2E-915884AB9334}.Release|x86.Build.0 = Release|Any CPU
		{5182EFDF-9C13-4161-BA91-6376C9A6F764}.Debug|Any CPU.ActiveCfg = Debug|Any CPU
		{5182EFDF-9C13-4161-BA91-6376C9A6F764}.Debug|Any CPU.Build.0 = Debug|Any CPU
		{5182EFDF-9C13-4161-BA91-6376C9A6F764}.Debug|x64.ActiveCfg = Debug|Any CPU
		{5182EFDF-9C13-4161-BA91-6376C9A6F764}.Debug|x64.Build.0 = Debug|Any CPU
		{5182EFDF-9C13-4161-BA91-6376C9A6F764}.Debug|x86.ActiveCfg = Debug|Any CPU
		{5182EFDF-9C13-4161-BA91-6376C9A6F764}.Debug|x86.Build.0 = Debug|Any CPU
		{5182EFDF-9C13-4161-BA91-6376C9A6F764}.Release|Any CPU.ActiveCfg = Release|Any CPU
		{5182EFDF-9C13-4161-BA91-6376C9A6F764}.Release|Any CPU.Build.0 = Release|Any CPU
		{5182EFDF-9C13-4161-BA91-6376C9A6F764}.Release|x64.ActiveCfg = Release|Any CPU
		{5182EFDF-9C13-4161-BA91-6376C9A6F764}.Release|x64.Build.0 = Release|Any CPU
		{5182EFDF-9C13-4161-BA91-6376C9A6F764}.Release|x86.ActiveCfg = Release|Any CPU
		{5182EFDF-9C13-4161-BA91-6376C9A6F764}.Release|x86.Build.0 = Release|Any CPU
		{79C7E99B-70EE-4429-92F1-14228B3F4443}.Debug|Any CPU.ActiveCfg = Debug|Any CPU
		{79C7E99B-70EE-4429-92F1-14228B3F4443}.Debug|Any CPU.Build.0 = Debug|Any CPU
		{79C7E99B-70EE-4429-92F1-14228B3F4443}.Debug|x64.ActiveCfg = Debug|Any CPU
		{79C7E99B-70EE-4429-92F1-14228B3F4443}.Debug|x64.Build.0 = Debug|Any CPU
		{79C7E99B-70EE-4429-92F1-14228B3F4443}.Debug|x86.ActiveCfg = Debug|Any CPU
		{79C7E99B-70EE-4429-92F1-14228B3F4443}.Debug|x86.Build.0 = Debug|Any CPU
		{79C7E99B-70EE-4429-92F1-14228B3F4443}.Release|Any CPU.ActiveCfg = Release|Any CPU
		{79C7E99B-70EE-4429-92F1-14228B3F4443}.Release|Any CPU.Build.0 = Release|Any CPU
		{79C7E99B-70EE-4429-92F1-14228B3F4443}.Release|x64.ActiveCfg = Release|Any CPU
		{79C7E99B-70EE-4429-92F1-14228B3F4443}.Release|x64.Build.0 = Release|Any CPU
		{79C7E99B-70EE-4429-92F1-14228B3F4443}.Release|x86.ActiveCfg = Release|Any CPU
		{79C7E99B-70EE-4429-92F1-14228B3F4443}.Release|x86.Build.0 = Release|Any CPU
		{C9B5E645-2279-42FB-89CD-777BF5FDD42F}.Debug|Any CPU.ActiveCfg = Debug|Any CPU
		{C9B5E645-2279-42FB-89CD-777BF5FDD42F}.Debug|Any CPU.Build.0 = Debug|Any CPU
		{C9B5E645-2279-42FB-89CD-777BF5FDD42F}.Debug|x64.ActiveCfg = Debug|Any CPU
		{C9B5E645-2279-42FB-89CD-777BF5FDD42F}.Debug|x64.Build.0 = Debug|Any CPU
		{C9B5E645-2279-42FB-89CD-777BF5FDD42F}.Debug|x86.ActiveCfg = Debug|Any CPU
		{C9B5E645-2279-42FB-89CD-777BF5FDD42F}.Debug|x86.Build.0 = Debug|Any CPU
		{C9B5E645-2279-42FB-89CD-777BF5FDD42F}.Release|Any CPU.ActiveCfg = Release|Any CPU
		{C9B5E645-2279-42FB-89CD-777BF5FDD42F}.Release|Any CPU.Build.0 = Release|Any CPU
		{C9B5E645-2279-42FB-89CD-777BF5FDD42F}.Release|x64.ActiveCfg = Release|Any CPU
		{C9B5E645-2279-42FB-89CD-777BF5FDD42F}.Release|x64.Build.0 = Release|Any CPU
		{C9B5E645-2279-42FB-89CD-777BF5FDD42F}.Release|x86.ActiveCfg = Release|Any CPU
		{C9B5E645-2279-42FB-89CD-777BF5FDD42F}.Release|x86.Build.0 = Release|Any CPU
		{2D524E9D-E021-4B42-9510-B4972D8DC071}.Debug|Any CPU.ActiveCfg = Debug|Any CPU
		{2D524E9D-E021-4B42-9510-B4972D8DC071}.Debug|Any CPU.Build.0 = Debug|Any CPU
		{2D524E9D-E021-4B42-9510-B4972D8DC071}.Debug|x64.ActiveCfg = Debug|Any CPU
		{2D524E9D-E021-4B42-9510-B4972D8DC071}.Debug|x64.Build.0 = Debug|Any CPU
		{2D524E9D-E021-4B42-9510-B4972D8DC071}.Debug|x86.ActiveCfg = Debug|Any CPU
		{2D524E9D-E021-4B42-9510-B4972D8DC071}.Debug|x86.Build.0 = Debug|Any CPU
		{2D524E9D-E021-4B42-9510-B4972D8DC071}.Release|Any CPU.ActiveCfg = Release|Any CPU
		{2D524E9D-E021-4B42-9510-B4972D8DC071}.Release|Any CPU.Build.0 = Release|Any CPU
		{2D524E9D-E021-4B42-9510-B4972D8DC071}.Release|x64.ActiveCfg = Release|Any CPU
		{2D524E9D-E021-4B42-9510-B4972D8DC071}.Release|x64.Build.0 = Release|Any CPU
		{2D524E9D-E021-4B42-9510-B4972D8DC071}.Release|x86.ActiveCfg = Release|Any CPU
		{2D524E9D-E021-4B42-9510-B4972D8DC071}.Release|x86.Build.0 = Release|Any CPU
		{1C0AD12C-8573-4AEA-BBD7-07D18710BE12}.Debug|Any CPU.ActiveCfg = Debug|Any CPU
		{1C0AD12C-8573-4AEA-BBD7-07D18710BE12}.Debug|Any CPU.Build.0 = Debug|Any CPU
		{1C0AD12C-8573-4AEA-BBD7-07D18710BE12}.Debug|x64.ActiveCfg = Debug|Any CPU
		{1C0AD12C-8573-4AEA-BBD7-07D18710BE12}.Debug|x64.Build.0 = Debug|Any CPU
		{1C0AD12C-8573-4AEA-BBD7-07D18710BE12}.Debug|x86.ActiveCfg = Debug|Any CPU
		{1C0AD12C-8573-4AEA-BBD7-07D18710BE12}.Debug|x86.Build.0 = Debug|Any CPU
		{1C0AD12C-8573-4AEA-BBD7-07D18710BE12}.Release|Any CPU.ActiveCfg = Release|Any CPU
		{1C0AD12C-8573-4AEA-BBD7-07D18710BE12}.Release|Any CPU.Build.0 = Release|Any CPU
		{1C0AD12C-8573-4AEA-BBD7-07D18710BE12}.Release|x64.ActiveCfg = Release|Any CPU
		{1C0AD12C-8573-4AEA-BBD7-07D18710BE12}.Release|x64.Build.0 = Release|Any CPU
		{1C0AD12C-8573-4AEA-BBD7-07D18710BE12}.Release|x86.ActiveCfg = Release|Any CPU
		{1C0AD12C-8573-4AEA-BBD7-07D18710BE12}.Release|x86.Build.0 = Release|Any CPU
		{4F487B80-D3DA-427F-93F0-BF8B0E9FB33C}.Debug|Any CPU.ActiveCfg = Debug|Any CPU
		{4F487B80-D3DA-427F-93F0-BF8B0E9FB33C}.Debug|Any CPU.Build.0 = Debug|Any CPU
		{4F487B80-D3DA-427F-93F0-BF8B0E9FB33C}.Debug|x64.ActiveCfg = Debug|Any CPU
		{4F487B80-D3DA-427F-93F0-BF8B0E9FB33C}.Debug|x64.Build.0 = Debug|Any CPU
		{4F487B80-D3DA-427F-93F0-BF8B0E9FB33C}.Debug|x86.ActiveCfg = Debug|Any CPU
		{4F487B80-D3DA-427F-93F0-BF8B0E9FB33C}.Debug|x86.Build.0 = Debug|Any CPU
		{4F487B80-D3DA-427F-93F0-BF8B0E9FB33C}.Release|Any CPU.ActiveCfg = Release|Any CPU
		{4F487B80-D3DA-427F-93F0-BF8B0E9FB33C}.Release|Any CPU.Build.0 = Release|Any CPU
		{4F487B80-D3DA-427F-93F0-BF8B0E9FB33C}.Release|x64.ActiveCfg = Release|Any CPU
		{4F487B80-D3DA-427F-93F0-BF8B0E9FB33C}.Release|x64.Build.0 = Release|Any CPU
		{4F487B80-D3DA-427F-93F0-BF8B0E9FB33C}.Release|x86.ActiveCfg = Release|Any CPU
		{4F487B80-D3DA-427F-93F0-BF8B0E9FB33C}.Release|x86.Build.0 = Release|Any CPU
		{5FA199F9-1207-4C31-ACB3-892300A7884D}.Debug|Any CPU.ActiveCfg = Debug|Any CPU
		{5FA199F9-1207-4C31-ACB3-892300A7884D}.Debug|Any CPU.Build.0 = Debug|Any CPU
		{5FA199F9-1207-4C31-ACB3-892300A7884D}.Debug|x64.ActiveCfg = Debug|Any CPU
		{5FA199F9-1207-4C31-ACB3-892300A7884D}.Debug|x64.Build.0 = Debug|Any CPU
		{5FA199F9-1207-4C31-ACB3-892300A7884D}.Debug|x86.ActiveCfg = Debug|Any CPU
		{5FA199F9-1207-4C31-ACB3-892300A7884D}.Debug|x86.Build.0 = Debug|Any CPU
		{5FA199F9-1207-4C31-ACB3-892300A7884D}.Release|Any CPU.ActiveCfg = Release|Any CPU
		{5FA199F9-1207-4C31-ACB3-892300A7884D}.Release|Any CPU.Build.0 = Release|Any CPU
		{5FA199F9-1207-4C31-ACB3-892300A7884D}.Release|x64.ActiveCfg = Release|Any CPU
		{5FA199F9-1207-4C31-ACB3-892300A7884D}.Release|x64.Build.0 = Release|Any CPU
		{5FA199F9-1207-4C31-ACB3-892300A7884D}.Release|x86.ActiveCfg = Release|Any CPU
		{5FA199F9-1207-4C31-ACB3-892300A7884D}.Release|x86.Build.0 = Release|Any CPU
		{9138C73D-7467-4B8D-8EFB-4697B29D6AEB}.Debug|Any CPU.ActiveCfg = Debug|Any CPU
		{9138C73D-7467-4B8D-8EFB-4697B29D6AEB}.Debug|Any CPU.Build.0 = Debug|Any CPU
		{9138C73D-7467-4B8D-8EFB-4697B29D6AEB}.Debug|x64.ActiveCfg = Debug|Any CPU
		{9138C73D-7467-4B8D-8EFB-4697B29D6AEB}.Debug|x64.Build.0 = Debug|Any CPU
		{9138C73D-7467-4B8D-8EFB-4697B29D6AEB}.Debug|x86.ActiveCfg = Debug|Any CPU
		{9138C73D-7467-4B8D-8EFB-4697B29D6AEB}.Debug|x86.Build.0 = Debug|Any CPU
		{9138C73D-7467-4B8D-8EFB-4697B29D6AEB}.Release|Any CPU.ActiveCfg = Release|Any CPU
		{9138C73D-7467-4B8D-8EFB-4697B29D6AEB}.Release|Any CPU.Build.0 = Release|Any CPU
		{9138C73D-7467-4B8D-8EFB-4697B29D6AEB}.Release|x64.ActiveCfg = Release|Any CPU
		{9138C73D-7467-4B8D-8EFB-4697B29D6AEB}.Release|x64.Build.0 = Release|Any CPU
		{9138C73D-7467-4B8D-8EFB-4697B29D6AEB}.Release|x86.ActiveCfg = Release|Any CPU
		{9138C73D-7467-4B8D-8EFB-4697B29D6AEB}.Release|x86.Build.0 = Release|Any CPU
		{51CADB6C-FF53-4CFA-A03F-02E0D5F0E751}.Debug|Any CPU.ActiveCfg = Debug|Any CPU
		{51CADB6C-FF53-4CFA-A03F-02E0D5F0E751}.Debug|Any CPU.Build.0 = Debug|Any CPU
		{51CADB6C-FF53-4CFA-A03F-02E0D5F0E751}.Debug|x64.ActiveCfg = Debug|Any CPU
		{51CADB6C-FF53-4CFA-A03F-02E0D5F0E751}.Debug|x64.Build.0 = Debug|Any CPU
		{51CADB6C-FF53-4CFA-A03F-02E0D5F0E751}.Debug|x86.ActiveCfg = Debug|Any CPU
		{51CADB6C-FF53-4CFA-A03F-02E0D5F0E751}.Debug|x86.Build.0 = Debug|Any CPU
		{51CADB6C-FF53-4CFA-A03F-02E0D5F0E751}.Release|Any CPU.ActiveCfg = Release|Any CPU
		{51CADB6C-FF53-4CFA-A03F-02E0D5F0E751}.Release|Any CPU.Build.0 = Release|Any CPU
		{51CADB6C-FF53-4CFA-A03F-02E0D5F0E751}.Release|x64.ActiveCfg = Release|Any CPU
		{51CADB6C-FF53-4CFA-A03F-02E0D5F0E751}.Release|x64.Build.0 = Release|Any CPU
		{51CADB6C-FF53-4CFA-A03F-02E0D5F0E751}.Release|x86.ActiveCfg = Release|Any CPU
		{51CADB6C-FF53-4CFA-A03F-02E0D5F0E751}.Release|x86.Build.0 = Release|Any CPU
		{E855EFBA-0A19-414C-817B-7DED9BDCC4BD}.Debug|Any CPU.ActiveCfg = Debug|Any CPU
		{E855EFBA-0A19-414C-817B-7DED9BDCC4BD}.Debug|Any CPU.Build.0 = Debug|Any CPU
		{E855EFBA-0A19-414C-817B-7DED9BDCC4BD}.Debug|x64.ActiveCfg = Debug|Any CPU
		{E855EFBA-0A19-414C-817B-7DED9BDCC4BD}.Debug|x64.Build.0 = Debug|Any CPU
		{E855EFBA-0A19-414C-817B-7DED9BDCC4BD}.Debug|x86.ActiveCfg = Debug|Any CPU
		{E855EFBA-0A19-414C-817B-7DED9BDCC4BD}.Debug|x86.Build.0 = Debug|Any CPU
		{E855EFBA-0A19-414C-817B-7DED9BDCC4BD}.Release|Any CPU.ActiveCfg = Release|Any CPU
		{E855EFBA-0A19-414C-817B-7DED9BDCC4BD}.Release|Any CPU.Build.0 = Release|Any CPU
		{E855EFBA-0A19-414C-817B-7DED9BDCC4BD}.Release|x64.ActiveCfg = Release|Any CPU
		{E855EFBA-0A19-414C-817B-7DED9BDCC4BD}.Release|x64.Build.0 = Release|Any CPU
		{E855EFBA-0A19-414C-817B-7DED9BDCC4BD}.Release|x86.ActiveCfg = Release|Any CPU
		{E855EFBA-0A19-414C-817B-7DED9BDCC4BD}.Release|x86.Build.0 = Release|Any CPU
		{81A6DC8B-0716-4C4F-A31F-551FB7602620}.Debug|Any CPU.ActiveCfg = Debug|Any CPU
		{81A6DC8B-0716-4C4F-A31F-551FB7602620}.Debug|Any CPU.Build.0 = Debug|Any CPU
		{81A6DC8B-0716-4C4F-A31F-551FB7602620}.Debug|x64.ActiveCfg = Debug|Any CPU
		{81A6DC8B-0716-4C4F-A31F-551FB7602620}.Debug|x64.Build.0 = Debug|Any CPU
		{81A6DC8B-0716-4C4F-A31F-551FB7602620}.Debug|x86.ActiveCfg = Debug|Any CPU
		{81A6DC8B-0716-4C4F-A31F-551FB7602620}.Debug|x86.Build.0 = Debug|Any CPU
		{81A6DC8B-0716-4C4F-A31F-551FB7602620}.Release|Any CPU.ActiveCfg = Release|Any CPU
		{81A6DC8B-0716-4C4F-A31F-551FB7602620}.Release|Any CPU.Build.0 = Release|Any CPU
		{81A6DC8B-0716-4C4F-A31F-551FB7602620}.Release|x64.ActiveCfg = Release|Any CPU
		{81A6DC8B-0716-4C4F-A31F-551FB7602620}.Release|x64.Build.0 = Release|Any CPU
		{81A6DC8B-0716-4C4F-A31F-551FB7602620}.Release|x86.ActiveCfg = Release|Any CPU
		{81A6DC8B-0716-4C4F-A31F-551FB7602620}.Release|x86.Build.0 = Release|Any CPU
		{4D3C217A-A0A1-42CD-AE85-188790BC1D3A}.Debug|Any CPU.ActiveCfg = Debug|Any CPU
		{4D3C217A-A0A1-42CD-AE85-188790BC1D3A}.Debug|Any CPU.Build.0 = Debug|Any CPU
		{4D3C217A-A0A1-42CD-AE85-188790BC1D3A}.Debug|x64.ActiveCfg = Debug|Any CPU
		{4D3C217A-A0A1-42CD-AE85-188790BC1D3A}.Debug|x64.Build.0 = Debug|Any CPU
		{4D3C217A-A0A1-42CD-AE85-188790BC1D3A}.Debug|x86.ActiveCfg = Debug|Any CPU
		{4D3C217A-A0A1-42CD-AE85-188790BC1D3A}.Debug|x86.Build.0 = Debug|Any CPU
		{4D3C217A-A0A1-42CD-AE85-188790BC1D3A}.Release|Any CPU.ActiveCfg = Release|Any CPU
		{4D3C217A-A0A1-42CD-AE85-188790BC1D3A}.Release|Any CPU.Build.0 = Release|Any CPU
		{4D3C217A-A0A1-42CD-AE85-188790BC1D3A}.Release|x64.ActiveCfg = Release|Any CPU
		{4D3C217A-A0A1-42CD-AE85-188790BC1D3A}.Release|x64.Build.0 = Release|Any CPU
		{4D3C217A-A0A1-42CD-AE85-188790BC1D3A}.Release|x86.ActiveCfg = Release|Any CPU
		{4D3C217A-A0A1-42CD-AE85-188790BC1D3A}.Release|x86.Build.0 = Release|Any CPU
		{7A05F287-8461-4230-92E9-3F000B5B0F0E}.Debug|Any CPU.ActiveCfg = Debug|Any CPU
		{7A05F287-8461-4230-92E9-3F000B5B0F0E}.Debug|Any CPU.Build.0 = Debug|Any CPU
		{7A05F287-8461-4230-92E9-3F000B5B0F0E}.Debug|x64.ActiveCfg = Debug|Any CPU
		{7A05F287-8461-4230-92E9-3F000B5B0F0E}.Debug|x64.Build.0 = Debug|Any CPU
		{7A05F287-8461-4230-92E9-3F000B5B0F0E}.Debug|x86.ActiveCfg = Debug|Any CPU
		{7A05F287-8461-4230-92E9-3F000B5B0F0E}.Debug|x86.Build.0 = Debug|Any CPU
		{7A05F287-8461-4230-92E9-3F000B5B0F0E}.Release|Any CPU.ActiveCfg = Release|Any CPU
		{7A05F287-8461-4230-92E9-3F000B5B0F0E}.Release|Any CPU.Build.0 = Release|Any CPU
		{7A05F287-8461-4230-92E9-3F000B5B0F0E}.Release|x64.ActiveCfg = Release|Any CPU
		{7A05F287-8461-4230-92E9-3F000B5B0F0E}.Release|x64.Build.0 = Release|Any CPU
		{7A05F287-8461-4230-92E9-3F000B5B0F0E}.Release|x86.ActiveCfg = Release|Any CPU
		{7A05F287-8461-4230-92E9-3F000B5B0F0E}.Release|x86.Build.0 = Release|Any CPU
		{C14B57E6-0CBA-4573-A16D-1FEBE92B617D}.Debug|Any CPU.ActiveCfg = Debug|Any CPU
		{C14B57E6-0CBA-4573-A16D-1FEBE92B617D}.Debug|Any CPU.Build.0 = Debug|Any CPU
		{C14B57E6-0CBA-4573-A16D-1FEBE92B617D}.Debug|x64.ActiveCfg = Debug|Any CPU
		{C14B57E6-0CBA-4573-A16D-1FEBE92B617D}.Debug|x64.Build.0 = Debug|Any CPU
		{C14B57E6-0CBA-4573-A16D-1FEBE92B617D}.Debug|x86.ActiveCfg = Debug|Any CPU
		{C14B57E6-0CBA-4573-A16D-1FEBE92B617D}.Debug|x86.Build.0 = Debug|Any CPU
		{C14B57E6-0CBA-4573-A16D-1FEBE92B617D}.Release|Any CPU.ActiveCfg = Release|Any CPU
		{C14B57E6-0CBA-4573-A16D-1FEBE92B617D}.Release|Any CPU.Build.0 = Release|Any CPU
		{C14B57E6-0CBA-4573-A16D-1FEBE92B617D}.Release|x64.ActiveCfg = Release|Any CPU
		{C14B57E6-0CBA-4573-A16D-1FEBE92B617D}.Release|x64.Build.0 = Release|Any CPU
		{C14B57E6-0CBA-4573-A16D-1FEBE92B617D}.Release|x86.ActiveCfg = Release|Any CPU
		{C14B57E6-0CBA-4573-A16D-1FEBE92B617D}.Release|x86.Build.0 = Release|Any CPU
		{B4263B71-1372-430B-B437-303B4BE6376E}.Debug|Any CPU.ActiveCfg = Debug|Any CPU
		{B4263B71-1372-430B-B437-303B4BE6376E}.Debug|Any CPU.Build.0 = Debug|Any CPU
		{B4263B71-1372-430B-B437-303B4BE6376E}.Debug|x64.ActiveCfg = Debug|Any CPU
		{B4263B71-1372-430B-B437-303B4BE6376E}.Debug|x64.Build.0 = Debug|Any CPU
		{B4263B71-1372-430B-B437-303B4BE6376E}.Debug|x86.ActiveCfg = Debug|Any CPU
		{B4263B71-1372-430B-B437-303B4BE6376E}.Debug|x86.Build.0 = Debug|Any CPU
		{B4263B71-1372-430B-B437-303B4BE6376E}.Release|Any CPU.ActiveCfg = Release|Any CPU
		{B4263B71-1372-430B-B437-303B4BE6376E}.Release|Any CPU.Build.0 = Release|Any CPU
		{B4263B71-1372-430B-B437-303B4BE6376E}.Release|x64.ActiveCfg = Release|Any CPU
		{B4263B71-1372-430B-B437-303B4BE6376E}.Release|x64.Build.0 = Release|Any CPU
		{B4263B71-1372-430B-B437-303B4BE6376E}.Release|x86.ActiveCfg = Release|Any CPU
		{B4263B71-1372-430B-B437-303B4BE6376E}.Release|x86.Build.0 = Release|Any CPU
		{ED0B2A3B-4C8A-4959-84B6-53F43FE99A29}.Debug|Any CPU.ActiveCfg = Debug|Any CPU
		{ED0B2A3B-4C8A-4959-84B6-53F43FE99A29}.Debug|Any CPU.Build.0 = Debug|Any CPU
		{ED0B2A3B-4C8A-4959-84B6-53F43FE99A29}.Debug|x64.ActiveCfg = Debug|Any CPU
		{ED0B2A3B-4C8A-4959-84B6-53F43FE99A29}.Debug|x64.Build.0 = Debug|Any CPU
		{ED0B2A3B-4C8A-4959-84B6-53F43FE99A29}.Debug|x86.ActiveCfg = Debug|Any CPU
		{ED0B2A3B-4C8A-4959-84B6-53F43FE99A29}.Debug|x86.Build.0 = Debug|Any CPU
		{ED0B2A3B-4C8A-4959-84B6-53F43FE99A29}.Release|Any CPU.ActiveCfg = Release|Any CPU
		{ED0B2A3B-4C8A-4959-84B6-53F43FE99A29}.Release|Any CPU.Build.0 = Release|Any CPU
		{ED0B2A3B-4C8A-4959-84B6-53F43FE99A29}.Release|x64.ActiveCfg = Release|Any CPU
		{ED0B2A3B-4C8A-4959-84B6-53F43FE99A29}.Release|x64.Build.0 = Release|Any CPU
		{ED0B2A3B-4C8A-4959-84B6-53F43FE99A29}.Release|x86.ActiveCfg = Release|Any CPU
		{ED0B2A3B-4C8A-4959-84B6-53F43FE99A29}.Release|x86.Build.0 = Release|Any CPU
		{8E2A94FA-C13A-4578-B446-4F06F6CDAD8F}.Debug|Any CPU.ActiveCfg = Debug|Any CPU
		{8E2A94FA-C13A-4578-B446-4F06F6CDAD8F}.Debug|Any CPU.Build.0 = Debug|Any CPU
		{8E2A94FA-C13A-4578-B446-4F06F6CDAD8F}.Debug|x64.ActiveCfg = Debug|Any CPU
		{8E2A94FA-C13A-4578-B446-4F06F6CDAD8F}.Debug|x64.Build.0 = Debug|Any CPU
		{8E2A94FA-C13A-4578-B446-4F06F6CDAD8F}.Debug|x86.ActiveCfg = Debug|Any CPU
		{8E2A94FA-C13A-4578-B446-4F06F6CDAD8F}.Debug|x86.Build.0 = Debug|Any CPU
		{8E2A94FA-C13A-4578-B446-4F06F6CDAD8F}.Release|Any CPU.ActiveCfg = Release|Any CPU
		{8E2A94FA-C13A-4578-B446-4F06F6CDAD8F}.Release|Any CPU.Build.0 = Release|Any CPU
		{8E2A94FA-C13A-4578-B446-4F06F6CDAD8F}.Release|x64.ActiveCfg = Release|Any CPU
		{8E2A94FA-C13A-4578-B446-4F06F6CDAD8F}.Release|x64.Build.0 = Release|Any CPU
		{8E2A94FA-C13A-4578-B446-4F06F6CDAD8F}.Release|x86.ActiveCfg = Release|Any CPU
		{8E2A94FA-C13A-4578-B446-4F06F6CDAD8F}.Release|x86.Build.0 = Release|Any CPU
		{77E0B7A1-CE4C-46CB-9142-5F5E64B081EC}.Debug|Any CPU.ActiveCfg = Debug|Any CPU
		{77E0B7A1-CE4C-46CB-9142-5F5E64B081EC}.Debug|Any CPU.Build.0 = Debug|Any CPU
		{77E0B7A1-CE4C-46CB-9142-5F5E64B081EC}.Debug|x64.ActiveCfg = Debug|Any CPU
		{77E0B7A1-CE4C-46CB-9142-5F5E64B081EC}.Debug|x64.Build.0 = Debug|Any CPU
		{77E0B7A1-CE4C-46CB-9142-5F5E64B081EC}.Debug|x86.ActiveCfg = Debug|Any CPU
		{77E0B7A1-CE4C-46CB-9142-5F5E64B081EC}.Debug|x86.Build.0 = Debug|Any CPU
		{77E0B7A1-CE4C-46CB-9142-5F5E64B081EC}.Release|Any CPU.ActiveCfg = Release|Any CPU
		{77E0B7A1-CE4C-46CB-9142-5F5E64B081EC}.Release|Any CPU.Build.0 = Release|Any CPU
		{77E0B7A1-CE4C-46CB-9142-5F5E64B081EC}.Release|x64.ActiveCfg = Release|Any CPU
		{77E0B7A1-CE4C-46CB-9142-5F5E64B081EC}.Release|x64.Build.0 = Release|Any CPU
		{77E0B7A1-CE4C-46CB-9142-5F5E64B081EC}.Release|x86.ActiveCfg = Release|Any CPU
		{77E0B7A1-CE4C-46CB-9142-5F5E64B081EC}.Release|x86.Build.0 = Release|Any CPU
		{939F7ED9-46CA-4297-8E0B-E00484F795E1}.Debug|Any CPU.ActiveCfg = Debug|Any CPU
		{939F7ED9-46CA-4297-8E0B-E00484F795E1}.Debug|Any CPU.Build.0 = Debug|Any CPU
		{939F7ED9-46CA-4297-8E0B-E00484F795E1}.Debug|x64.ActiveCfg = Debug|Any CPU
		{939F7ED9-46CA-4297-8E0B-E00484F795E1}.Debug|x64.Build.0 = Debug|Any CPU
		{939F7ED9-46CA-4297-8E0B-E00484F795E1}.Debug|x86.ActiveCfg = Debug|Any CPU
		{939F7ED9-46CA-4297-8E0B-E00484F795E1}.Debug|x86.Build.0 = Debug|Any CPU
		{939F7ED9-46CA-4297-8E0B-E00484F795E1}.Release|Any CPU.ActiveCfg = Release|Any CPU
		{939F7ED9-46CA-4297-8E0B-E00484F795E1}.Release|Any CPU.Build.0 = Release|Any CPU
		{939F7ED9-46CA-4297-8E0B-E00484F795E1}.Release|x64.ActiveCfg = Release|Any CPU
		{939F7ED9-46CA-4297-8E0B-E00484F795E1}.Release|x64.Build.0 = Release|Any CPU
		{939F7ED9-46CA-4297-8E0B-E00484F795E1}.Release|x86.ActiveCfg = Release|Any CPU
		{939F7ED9-46CA-4297-8E0B-E00484F795E1}.Release|x86.Build.0 = Release|Any CPU
		{CF43B1EC-9736-441E-898D-F41520A4D78A}.Debug|Any CPU.ActiveCfg = Debug|Any CPU
		{CF43B1EC-9736-441E-898D-F41520A4D78A}.Debug|Any CPU.Build.0 = Debug|Any CPU
		{CF43B1EC-9736-441E-898D-F41520A4D78A}.Debug|x64.ActiveCfg = Debug|Any CPU
		{CF43B1EC-9736-441E-898D-F41520A4D78A}.Debug|x64.Build.0 = Debug|Any CPU
		{CF43B1EC-9736-441E-898D-F41520A4D78A}.Debug|x86.ActiveCfg = Debug|Any CPU
		{CF43B1EC-9736-441E-898D-F41520A4D78A}.Debug|x86.Build.0 = Debug|Any CPU
		{CF43B1EC-9736-441E-898D-F41520A4D78A}.Release|Any CPU.ActiveCfg = Release|Any CPU
		{CF43B1EC-9736-441E-898D-F41520A4D78A}.Release|Any CPU.Build.0 = Release|Any CPU
		{CF43B1EC-9736-441E-898D-F41520A4D78A}.Release|x64.ActiveCfg = Release|Any CPU
		{CF43B1EC-9736-441E-898D-F41520A4D78A}.Release|x64.Build.0 = Release|Any CPU
		{CF43B1EC-9736-441E-898D-F41520A4D78A}.Release|x86.ActiveCfg = Release|Any CPU
		{CF43B1EC-9736-441E-898D-F41520A4D78A}.Release|x86.Build.0 = Release|Any CPU
		{F4349FFD-E83C-4C41-8787-B390FAC12587}.Debug|Any CPU.ActiveCfg = Debug|Any CPU
		{F4349FFD-E83C-4C41-8787-B390FAC12587}.Debug|Any CPU.Build.0 = Debug|Any CPU
		{F4349FFD-E83C-4C41-8787-B390FAC12587}.Debug|x64.ActiveCfg = Debug|Any CPU
		{F4349FFD-E83C-4C41-8787-B390FAC12587}.Debug|x64.Build.0 = Debug|Any CPU
		{F4349FFD-E83C-4C41-8787-B390FAC12587}.Debug|x86.ActiveCfg = Debug|Any CPU
		{F4349FFD-E83C-4C41-8787-B390FAC12587}.Debug|x86.Build.0 = Debug|Any CPU
		{F4349FFD-E83C-4C41-8787-B390FAC12587}.Release|Any CPU.ActiveCfg = Release|Any CPU
		{F4349FFD-E83C-4C41-8787-B390FAC12587}.Release|Any CPU.Build.0 = Release|Any CPU
		{F4349FFD-E83C-4C41-8787-B390FAC12587}.Release|x64.ActiveCfg = Release|Any CPU
		{F4349FFD-E83C-4C41-8787-B390FAC12587}.Release|x64.Build.0 = Release|Any CPU
		{F4349FFD-E83C-4C41-8787-B390FAC12587}.Release|x86.ActiveCfg = Release|Any CPU
		{F4349FFD-E83C-4C41-8787-B390FAC12587}.Release|x86.Build.0 = Release|Any CPU
		{4C695FD6-162E-4CF0-87B3-8C9367B0B246}.Debug|Any CPU.ActiveCfg = Debug|Any CPU
		{4C695FD6-162E-4CF0-87B3-8C9367B0B246}.Debug|Any CPU.Build.0 = Debug|Any CPU
		{4C695FD6-162E-4CF0-87B3-8C9367B0B246}.Debug|x64.ActiveCfg = Debug|Any CPU
		{4C695FD6-162E-4CF0-87B3-8C9367B0B246}.Debug|x64.Build.0 = Debug|Any CPU
		{4C695FD6-162E-4CF0-87B3-8C9367B0B246}.Debug|x86.ActiveCfg = Debug|Any CPU
		{4C695FD6-162E-4CF0-87B3-8C9367B0B246}.Debug|x86.Build.0 = Debug|Any CPU
		{4C695FD6-162E-4CF0-87B3-8C9367B0B246}.Release|Any CPU.ActiveCfg = Release|Any CPU
		{4C695FD6-162E-4CF0-87B3-8C9367B0B246}.Release|Any CPU.Build.0 = Release|Any CPU
		{4C695FD6-162E-4CF0-87B3-8C9367B0B246}.Release|x64.ActiveCfg = Release|Any CPU
		{4C695FD6-162E-4CF0-87B3-8C9367B0B246}.Release|x64.Build.0 = Release|Any CPU
		{4C695FD6-162E-4CF0-87B3-8C9367B0B246}.Release|x86.ActiveCfg = Release|Any CPU
		{4C695FD6-162E-4CF0-87B3-8C9367B0B246}.Release|x86.Build.0 = Release|Any CPU
		{715A5C4D-CEA6-43D0-B96C-5263CCE1C135}.Debug|Any CPU.ActiveCfg = Debug|Any CPU
		{715A5C4D-CEA6-43D0-B96C-5263CCE1C135}.Debug|Any CPU.Build.0 = Debug|Any CPU
		{715A5C4D-CEA6-43D0-B96C-5263CCE1C135}.Debug|x64.ActiveCfg = Debug|Any CPU
		{715A5C4D-CEA6-43D0-B96C-5263CCE1C135}.Debug|x64.Build.0 = Debug|Any CPU
		{715A5C4D-CEA6-43D0-B96C-5263CCE1C135}.Debug|x86.ActiveCfg = Debug|Any CPU
		{715A5C4D-CEA6-43D0-B96C-5263CCE1C135}.Debug|x86.Build.0 = Debug|Any CPU
		{715A5C4D-CEA6-43D0-B96C-5263CCE1C135}.Release|Any CPU.ActiveCfg = Release|Any CPU
		{715A5C4D-CEA6-43D0-B96C-5263CCE1C135}.Release|Any CPU.Build.0 = Release|Any CPU
		{715A5C4D-CEA6-43D0-B96C-5263CCE1C135}.Release|x64.ActiveCfg = Release|Any CPU
		{715A5C4D-CEA6-43D0-B96C-5263CCE1C135}.Release|x64.Build.0 = Release|Any CPU
		{715A5C4D-CEA6-43D0-B96C-5263CCE1C135}.Release|x86.ActiveCfg = Release|Any CPU
		{715A5C4D-CEA6-43D0-B96C-5263CCE1C135}.Release|x86.Build.0 = Release|Any CPU
		{53E8BDCE-492D-45BA-B702-3A00D3D77A23}.Debug|Any CPU.ActiveCfg = Debug|Any CPU
		{53E8BDCE-492D-45BA-B702-3A00D3D77A23}.Debug|Any CPU.Build.0 = Debug|Any CPU
		{53E8BDCE-492D-45BA-B702-3A00D3D77A23}.Debug|x64.ActiveCfg = Debug|Any CPU
		{53E8BDCE-492D-45BA-B702-3A00D3D77A23}.Debug|x64.Build.0 = Debug|Any CPU
		{53E8BDCE-492D-45BA-B702-3A00D3D77A23}.Debug|x86.ActiveCfg = Debug|Any CPU
		{53E8BDCE-492D-45BA-B702-3A00D3D77A23}.Debug|x86.Build.0 = Debug|Any CPU
		{53E8BDCE-492D-45BA-B702-3A00D3D77A23}.Release|Any CPU.ActiveCfg = Release|Any CPU
		{53E8BDCE-492D-45BA-B702-3A00D3D77A23}.Release|Any CPU.Build.0 = Release|Any CPU
		{53E8BDCE-492D-45BA-B702-3A00D3D77A23}.Release|x64.ActiveCfg = Release|Any CPU
		{53E8BDCE-492D-45BA-B702-3A00D3D77A23}.Release|x64.Build.0 = Release|Any CPU
		{53E8BDCE-492D-45BA-B702-3A00D3D77A23}.Release|x86.ActiveCfg = Release|Any CPU
		{53E8BDCE-492D-45BA-B702-3A00D3D77A23}.Release|x86.Build.0 = Release|Any CPU
		{50E84A20-57B6-42CA-9FE2-EEA2091455AA}.Debug|Any CPU.ActiveCfg = Debug|Any CPU
		{50E84A20-57B6-42CA-9FE2-EEA2091455AA}.Debug|Any CPU.Build.0 = Debug|Any CPU
		{50E84A20-57B6-42CA-9FE2-EEA2091455AA}.Debug|x64.ActiveCfg = Debug|Any CPU
		{50E84A20-57B6-42CA-9FE2-EEA2091455AA}.Debug|x64.Build.0 = Debug|Any CPU
		{50E84A20-57B6-42CA-9FE2-EEA2091455AA}.Debug|x86.ActiveCfg = Debug|Any CPU
		{50E84A20-57B6-42CA-9FE2-EEA2091455AA}.Debug|x86.Build.0 = Debug|Any CPU
		{50E84A20-57B6-42CA-9FE2-EEA2091455AA}.Release|Any CPU.ActiveCfg = Release|Any CPU
		{50E84A20-57B6-42CA-9FE2-EEA2091455AA}.Release|Any CPU.Build.0 = Release|Any CPU
		{50E84A20-57B6-42CA-9FE2-EEA2091455AA}.Release|x64.ActiveCfg = Release|Any CPU
		{50E84A20-57B6-42CA-9FE2-EEA2091455AA}.Release|x64.Build.0 = Release|Any CPU
		{50E84A20-57B6-42CA-9FE2-EEA2091455AA}.Release|x86.ActiveCfg = Release|Any CPU
		{50E84A20-57B6-42CA-9FE2-EEA2091455AA}.Release|x86.Build.0 = Release|Any CPU
	EndGlobalSection
	GlobalSection(SolutionProperties) = preSolution
		HideSolutionNode = FALSE
	EndGlobalSection
	GlobalSection(NestedProjects) = preSolution
		{AB257233-18E0-4F4B-8948-3D2E3BCD9B93} = {827E0CD3-B72D-47B6-A68D-7590B98EB39B}
		{1B2DAAFF-C76B-475A-8720-1EB65F95B7ED} = {827E0CD3-B72D-47B6-A68D-7590B98EB39B}
		{084C62B7-B9E8-4A53-9E9E-9FF20C311E63} = {827E0CD3-B72D-47B6-A68D-7590B98EB39B}
		{9D67D195-73A4-4215-BA2E-915884AB9334} = {827E0CD3-B72D-47B6-A68D-7590B98EB39B}
		{5182EFDF-9C13-4161-BA91-6376C9A6F764} = {827E0CD3-B72D-47B6-A68D-7590B98EB39B}
		{79C7E99B-70EE-4429-92F1-14228B3F4443} = {827E0CD3-B72D-47B6-A68D-7590B98EB39B}
		{C9B5E645-2279-42FB-89CD-777BF5FDD42F} = {827E0CD3-B72D-47B6-A68D-7590B98EB39B}
		{2D524E9D-E021-4B42-9510-B4972D8DC071} = {827E0CD3-B72D-47B6-A68D-7590B98EB39B}
		{1C0AD12C-8573-4AEA-BBD7-07D18710BE12} = {827E0CD3-B72D-47B6-A68D-7590B98EB39B}
		{4F487B80-D3DA-427F-93F0-BF8B0E9FB33C} = {827E0CD3-B72D-47B6-A68D-7590B98EB39B}
		{5FA199F9-1207-4C31-ACB3-892300A7884D} = {827E0CD3-B72D-47B6-A68D-7590B98EB39B}
		{9138C73D-7467-4B8D-8EFB-4697B29D6AEB} = {827E0CD3-B72D-47B6-A68D-7590B98EB39B}
		{51CADB6C-FF53-4CFA-A03F-02E0D5F0E751} = {827E0CD3-B72D-47B6-A68D-7590B98EB39B}
		{E855EFBA-0A19-414C-817B-7DED9BDCC4BD} = {0AB3BF05-4346-4AA6-1389-037BE0695223}
		{81A6DC8B-0716-4C4F-A31F-551FB7602620} = {827E0CD3-B72D-47B6-A68D-7590B98EB39B}
		{4D3C217A-A0A1-42CD-AE85-188790BC1D3A} = {0AB3BF05-4346-4AA6-1389-037BE0695223}
		{7A05F287-8461-4230-92E9-3F000B5B0F0E} = {827E0CD3-B72D-47B6-A68D-7590B98EB39B}
		{C14B57E6-0CBA-4573-A16D-1FEBE92B617D} = {0AB3BF05-4346-4AA6-1389-037BE0695223}
		{B4263B71-1372-430B-B437-303B4BE6376E} = {827E0CD3-B72D-47B6-A68D-7590B98EB39B}
		{ED0B2A3B-4C8A-4959-84B6-53F43FE99A29} = {827E0CD3-B72D-47B6-A68D-7590B98EB39B}
		{8E2A94FA-C13A-4578-B446-4F06F6CDAD8F} = {0AB3BF05-4346-4AA6-1389-037BE0695223}
		{77E0B7A1-CE4C-46CB-9142-5F5E64B081EC} = {827E0CD3-B72D-47B6-A68D-7590B98EB39B}
		{939F7ED9-46CA-4297-8E0B-E00484F795E1} = {0AB3BF05-4346-4AA6-1389-037BE0695223}
		{CF43B1EC-9736-441E-898D-F41520A4D78A} = {827E0CD3-B72D-47B6-A68D-7590B98EB39B}
		{F4349FFD-E83C-4C41-8787-B390FAC12587} = {0AB3BF05-4346-4AA6-1389-037BE0695223}
		{4C695FD6-162E-4CF0-87B3-8C9367B0B246} = {827E0CD3-B72D-47B6-A68D-7590B98EB39B}
		{715A5C4D-CEA6-43D0-B96C-5263CCE1C135} = {0AB3BF05-4346-4AA6-1389-037BE0695223}
		{53E8BDCE-492D-45BA-B702-3A00D3D77A23} = {827E0CD3-B72D-47B6-A68D-7590B98EB39B}
		{50E84A20-57B6-42CA-9FE2-EEA2091455AA} = {0AB3BF05-4346-4AA6-1389-037BE0695223}
	EndGlobalSection
EndGlobal
